
Microsoft Visual Studio Solution File, Format Version 12.00
# Visual Studio Version 16
VisualStudioVersion = 16.0.30503.244
MinimumVisualStudioVersion = 10.0.40219.1
Project("{9A19103F-16F7-4668-BE54-9A1E7A4F7556}") = "home.Api", "home.Api\home.Api.csproj", "{F9E53B33-F29D-4B3E-B1D0-A2200475C01B}"
EndProject
Project("{9A19103F-16F7-4668-BE54-9A1E7A4F7556}") = "Application", "Application\Application.csproj", "{E7FA11D9-00CA-4DFE-A750-3884F992D6E3}"
EndProject
Project("{9A19103F-16F7-4668-BE54-9A1E7A4F7556}") = "Domain", "Domain\Domain.csproj", "{59B0C6C8-63CC-49AF-AA9A-03B8CE423ED3}"
EndProject
Project("{9A19103F-16F7-4668-BE54-9A1E7A4F7556}") = "Infrastructure", "Infrastructure\Infrastructure.csproj", "{B6EA3E53-2B32-4962-9742-F36D01B47DDC}"
EndProject
Project("{FAE04EC0-301F-11D3-BF4B-00C04F79EFBC}") = "W_K_Bill", "W_K_Bill\W_K_Bill.csproj", "{21D0D9A7-B9D7-45F4-ABD9-AB9104ADCF78}"
EndProject
Project("{FAE04EC0-301F-11D3-BF4B-00C04F79EFBC}") = "WK_Bill_api", "WK_Bill_api\WK_Bill_api.csproj", "{5343F7CB-4873-48AF-9D12-3BBC944F71EB}"
EndProject
Project("{FAE04EC0-301F-11D3-BF4B-00C04F79EFBC}") = "WK_Bill_mvc", "WK_Bill_mvc\WK_Bill_mvc.csproj", "{505F1230-3B38-4078-9888-220DE9CC2F42}"
EndProject
Global
	GlobalSection(SolutionConfigurationPlatforms) = preSolution
		Debug|Any CPU = Debug|Any CPU
		Release|Any CPU = Release|Any CPU
	EndGlobalSection
	GlobalSection(ProjectConfigurationPlatforms) = postSolution
		{F9E53B33-F29D-4B3E-B1D0-A2200475C01B}.Debug|Any CPU.ActiveCfg = Debug|Any CPU
		{F9E53B33-F29D-4B3E-B1D0-A2200475C01B}.Debug|Any CPU.Build.0 = Debug|Any CPU
		{F9E53B33-F29D-4B3E-B1D0-A2200475C01B}.Release|Any CPU.ActiveCfg = Release|Any CPU
		{F9E53B33-F29D-4B3E-B1D0-A2200475C01B}.Release|Any CPU.Build.0 = Release|Any CPU
		{E7FA11D9-00CA-4DFE-A750-3884F992D6E3}.Debug|Any CPU.ActiveCfg = Debug|Any CPU
		{E7FA11D9-00CA-4DFE-A750-3884F992D6E3}.Debug|Any CPU.Build.0 = Debug|Any CPU
		{E7FA11D9-00CA-4DFE-A750-3884F992D6E3}.Release|Any CPU.ActiveCfg = Release|Any CPU
		{E7FA11D9-00CA-4DFE-A750-3884F992D6E3}.Release|Any CPU.Build.0 = Release|Any CPU
		{59B0C6C8-63CC-49AF-AA9A-03B8CE423ED3}.Debug|Any CPU.ActiveCfg = Debug|Any CPU
		{59B0C6C8-63CC-49AF-AA9A-03B8CE423ED3}.Debug|Any CPU.Build.0 = Debug|Any CPU
		{59B0C6C8-63CC-49AF-AA9A-03B8CE423ED3}.Release|Any CPU.ActiveCfg = Release|Any CPU
		{59B0C6C8-63CC-49AF-AA9A-03B8CE423ED3}.Release|Any CPU.Build.0 = Release|Any CPU
		{B6EA3E53-2B32-4962-9742-F36D01B47DDC}.Debug|Any CPU.ActiveCfg = Debug|Any CPU
		{B6EA3E53-2B32-4962-9742-F36D01B47DDC}.Debug|Any CPU.Build.0 = Debug|Any CPU
		{B6EA3E53-2B32-4962-9742-F36D01B47DDC}.Release|Any CPU.ActiveCfg = Release|Any CPU
		{B6EA3E53-2B32-4962-9742-F36D01B47DDC}.Release|Any CPU.Build.0 = Release|Any CPU
		{21D0D9A7-B9D7-45F4-ABD9-AB9104ADCF78}.Debug|Any CPU.ActiveCfg = Debug|Any CPU
		{21D0D9A7-B9D7-45F4-ABD9-AB9104ADCF78}.Debug|Any CPU.Build.0 = Debug|Any CPU
		{21D0D9A7-B9D7-45F4-ABD9-AB9104ADCF78}.Release|Any CPU.ActiveCfg = Release|Any CPU
		{21D0D9A7-B9D7-45F4-ABD9-AB9104ADCF78}.Release|Any CPU.Build.0 = Release|Any CPU
		{5343F7CB-4873-48AF-9D12-3BBC944F71EB}.Debug|Any CPU.ActiveCfg = Debug|Any CPU
		{5343F7CB-4873-48AF-9D12-3BBC944F71EB}.Debug|Any CPU.Build.0 = Debug|Any CPU
		{5343F7CB-4873-48AF-9D12-3BBC944F71EB}.Release|Any CPU.ActiveCfg = Release|Any CPU
		{5343F7CB-4873-48AF-9D12-3BBC944F71EB}.Release|Any CPU.Build.0 = Release|Any CPU
		{505F1230-3B38-4078-9888-220DE9CC2F42}.Debug|Any CPU.ActiveCfg = Debug|Any CPU
		{505F1230-3B38-4078-9888-220DE9CC2F42}.Debug|Any CPU.Build.0 = Debug|Any CPU
		{505F1230-3B38-4078-9888-220DE9CC2F42}.Release|Any CPU.ActiveCfg = Release|Any CPU
		{505F1230-3B38-4078-9888-220DE9CC2F42}.Release|Any CPU.Build.0 = Release|Any CPU
	EndGlobalSection
	GlobalSection(SolutionProperties) = preSolution
		HideSolutionNode = FALSE
	EndGlobalSection
	GlobalSection(ExtensibilityGlobals) = postSolution
		SolutionGuid = {95862311-0623-48CE-B0C5-0BB13D7479BD}
	EndGlobalSection
EndGlobal
